#MicroXplorer Configuration settings - do not modify
CAN.BS1=CAN_BS1_13TQ
CAN.BS2=CAN_BS2_2TQ
CAN.CalculateBaudRate=125000
CAN.CalculateTimeBit=8000.00
CAN.CalculateTimeQuantum=500.0
CAN.IPParameters=CalculateTimeQuantum,CalculateTimeBit,CalculateBaudRate,Prescaler,BS1,BS2,NART
CAN.NART=ENABLE
CAN.Prescaler=12
File.Version=6
GPIO.groupedBy=Group By Peripherals
KeepUserPlacement=false
Mcu.Family=STM32F3
Mcu.IP0=CAN
Mcu.IP1=I2C1
Mcu.IP10=UART5
Mcu.IP11=USART1
Mcu.IP12=USART2
Mcu.IP2=NVIC
Mcu.IP3=RCC
Mcu.IP4=SPI2
Mcu.IP5=SYS
Mcu.IP6=TIM2
Mcu.IP7=TIM3
Mcu.IP8=TIM4
Mcu.IP9=UART4
Mcu.IPNb=13
Mcu.Name=STM32F303V(B-C)Tx
Mcu.Package=LQFP100
Mcu.Pin0=PF0-OSC_IN
Mcu.Pin1=PF1-OSC_OUT
Mcu.Pin10=PB13
Mcu.Pin11=PB14
Mcu.Pin12=PB15
Mcu.Pin13=PD9
Mcu.Pin14=PA13
Mcu.Pin15=PA14
Mcu.Pin16=PC10
Mcu.Pin17=PC11
Mcu.Pin18=PC12
Mcu.Pin19=PD0
Mcu.Pin2=PA2
Mcu.Pin20=PD1
Mcu.Pin21=PD2
Mcu.Pin22=PB3
Mcu.Pin23=PB6
Mcu.Pin24=PB7
Mcu.Pin25=VP_SYS_VS_Systick
Mcu.Pin26=VP_TIM2_VS_ClockSourceINT
Mcu.Pin27=VP_TIM3_VS_ClockSourceINT
Mcu.Pin28=VP_TIM4_VS_ClockSourceINT
Mcu.Pin3=PA3
Mcu.Pin4=PC4
Mcu.Pin5=PC5
Mcu.Pin6=PB0
Mcu.Pin7=PB1
Mcu.Pin8=PB2
Mcu.Pin9=PB12
Mcu.PinsNb=29
Mcu.ThirdPartyNb=0
Mcu.UserConstants=
Mcu.UserName=STM32F303VCTx
MxCube.Version=6.1.0
MxDb.Version=DB.6.0.10
NVIC.BusFault_IRQn=true\:0\:0\:false\:false\:true\:false\:false
NVIC.CAN_RX1_IRQn=true\:3\:0\:true\:false\:true\:true\:true
NVIC.DebugMonitor_IRQn=true\:0\:0\:false\:false\:true\:false\:false
NVIC.ForceEnableDMAVector=false
NVIC.HardFault_IRQn=true\:0\:0\:false\:false\:true\:false\:false
NVIC.MemoryManagement_IRQn=true\:0\:0\:false\:false\:true\:false\:false
NVIC.NonMaskableInt_IRQn=true\:0\:0\:false\:false\:true\:false\:false
NVIC.PendSV_IRQn=true\:0\:0\:false\:false\:true\:false\:false
NVIC.PriorityGroup=NVIC_PRIORITYGROUP_4
NVIC.SVCall_IRQn=true\:0\:0\:false\:false\:true\:false\:false
NVIC.SysTick_IRQn=true\:0\:0\:false\:false\:true\:false\:true
NVIC.TIM2_IRQn=true\:4\:0\:true\:false\:true\:true\:true
NVIC.TIM4_IRQn=true\:5\:0\:true\:false\:true\:true\:true
NVIC.UART4_IRQn=true\:1\:0\:true\:false\:true\:true\:true
NVIC.UART5_IRQn=true\:0\:0\:false\:false\:true\:true\:true
NVIC.USART2_IRQn=true\:2\:0\:true\:false\:true\:true\:true
NVIC.UsageFault_IRQn=true\:0\:0\:false\:false\:true\:false\:false
PA13.Locked=true
PA13.Mode=Serial_Wire
PA13.Signal=SYS_JTMS-SWDIO
PA14.Locked=true
PA14.Mode=Serial_Wire
PA14.Signal=SYS_JTCK-SWCLK
PA2.Mode=Asynchronous
PA2.Signal=USART2_TX
PA3.Mode=Asynchronous
PA3.Signal=USART2_RX
PB0.Locked=true
PB0.Signal=S_TIM3_CH3
PB1.GPIOParameters=GPIO_Label
PB1.GPIO_Label=LED_GREEN
PB1.Locked=true
PB1.Signal=GPIO_Output
PB12.GPIOParameters=GPIO_Label
PB12.GPIO_Label=W5500_CS
PB12.Locked=true
PB12.Signal=GPIO_Output
PB13.Locked=true
PB13.Mode=Full_Duplex_Master
PB13.Signal=SPI2_SCK
PB14.Mode=Full_Duplex_Master
PB14.Signal=SPI2_MISO
PB15.Mode=Full_Duplex_Master
PB15.Signal=SPI2_MOSI
PB2.GPIOParameters=GPIO_Label
PB2.GPIO_Label=LED_RED
PB2.Locked=true
PB2.Signal=GPIO_Output
PB3.Locked=true
PB3.Signal=SYS_JTDO-TRACESWO
PB6.Locked=true
PB6.Mode=I2C
PB6.Signal=I2C1_SCL
PB7.Locked=true
PB7.Mode=I2C
PB7.Signal=I2C1_SDA
PC10.Mode=Asynchronous
PC10.Signal=UART4_TX
PC11.Mode=Asynchronous
PC11.Signal=UART4_RX
PC12.Mode=Asynchronous
PC12.Signal=UART5_TX
PC4.Mode=Asynchronous
PC4.Signal=USART1_TX
PC5.Mode=Asynchronous
PC5.Signal=USART1_RX
PD0.Locked=true
PD0.Mode=CAN_Activate
PD0.Signal=CAN_RX
PD1.Locked=true
PD1.Mode=CAN_Activate
PD1.Signal=CAN_TX
PD2.Mode=Asynchronous
PD2.Signal=UART5_RX
PD9.GPIOParameters=GPIO_Label
PD9.GPIO_Label=W5500_R
PD9.Locked=true
PD9.Signal=GPIO_Output
PF0-OSC_IN.Mode=HSE-External-Oscillator
PF0-OSC_IN.Signal=RCC_OSC_IN
PF1-OSC_OUT.Locked=true
PF1-OSC_OUT.Mode=HSE-External-Oscillator
PF1-OSC_OUT.Signal=RCC_OSC_OUT
PinOutPanel.RotationAngle=0
ProjectManager.AskForMigrate=true
ProjectManager.BackupPrevious=false
ProjectManager.CompilerOptimize=6
ProjectManager.ComputerToolchain=false
ProjectManager.CoupleFile=false
ProjectManager.CustomerFirmwarePackage=
ProjectManager.DefaultFWLocation=true
ProjectManager.DeletePrevious=true
ProjectManager.DeviceId=STM32F303VCTx
ProjectManager.FirmwarePackage=STM32Cube FW_F3 V1.11.2
ProjectManager.FreePins=false
ProjectManager.HalAssertFull=false
ProjectManager.HeapSize=0x200
ProjectManager.KeepUserCode=true
ProjectManager.LastFirmware=true
ProjectManager.LibraryCopy=1
ProjectManager.MainLocation=Core/Src
ProjectManager.NoMain=false
ProjectManager.PreviousToolchain=
ProjectManager.ProjectBuild=false
ProjectManager.ProjectFileName=STM32-MAINBOARD.ioc
ProjectManager.ProjectName=STM32-MAINBOARD
ProjectManager.RegisterCallBack=
ProjectManager.StackSize=0x400
ProjectManager.TargetToolchain=STM32CubeIDE
ProjectManager.ToolChainLocation=
ProjectManager.UnderRoot=true
ProjectManager.functionlistsort=1-MX_GPIO_Init-GPIO-false-HAL-true,2-SystemClock_Config-RCC-false-HAL-false,3-MX_USART1_UART_Init-USART1-false-HAL-true,4-MX_I2C1_Init-I2C1-false-HAL-true,5-MX_UART4_Init-UART4-false-HAL-true,6-MX_UART5_Init-UART5-false-HAL-true,7-MX_USART2_UART_Init-USART2-false-HAL-true,8-MX_SPI2_Init-SPI2-false-HAL-true,9-MX_TIM2_Init-TIM2-false-HAL-true,10-MX_TIM4_Init-TIM4-false-HAL-true,11-MX_CAN_Init-CAN-false-HAL-true,12-MX_TIM3_Init-TIM3-false-HAL-true
RCC.ADC12outputFreq_Value=48000000
RCC.ADC34outputFreq_Value=48000000
RCC.AHBFreq_Value=48000000
RCC.APB1CLKDivider=RCC_HCLK_DIV2
RCC.APB1Freq_Value=24000000
RCC.APB1TimFreq_Value=48000000
RCC.APB2Freq_Value=48000000
RCC.APB2TimFreq_Value=48000000
RCC.CortexFreq_Value=48000000
RCC.FCLKCortexFreq_Value=48000000
RCC.FamilyName=M
RCC.HCLKFreq_Value=48000000
RCC.HSEPLLFreq_Value=8000000
RCC.HSE_VALUE=8000000
RCC.HSIPLLFreq_Value=4000000
RCC.HSI_VALUE=8000000
RCC.I2C1Freq_Value=8000000
RCC.I2C2Freq_Value=8000000
RCC.I2SClocksFreq_Value=48000000
RCC.IPParameters=ADC12outputFreq_Value,ADC34outputFreq_Value,AHBFreq_Value,APB1CLKDivider,APB1Freq_Value,APB1TimFreq_Value,APB2Freq_Value,APB2TimFreq_Value,CortexFreq_Value,FCLKCortexFreq_Value,FamilyName,HCLKFreq_Value,HSEPLLFreq_Value,HSE_VALUE,HSIPLLFreq_Value,HSI_VALUE,I2C1Freq_Value,I2C2Freq_Value,I2SClocksFreq_Value,LSE_VALUE,LSI_VALUE,MCOFreq_Value,PLLCLKFreq_Value,PLLMCOFreq_Value,PLLMUL,PLLSourceVirtual,RTCFreq_Value,RTCHSEDivFreq_Value,SYSCLKFreq_VALUE,SYSCLKSourceVirtual,TIM1Freq_Value,TIM2Freq_Value,TIM8Freq_Value,UART4Freq_Value,UART5Freq_Value,USART1Freq_Value,USART2Freq_Value,USART3Freq_Value,USBFreq_Value,VCOOutput2Freq_Value
RCC.LSE_VALUE=32768
RCC.LSI_VALUE=40000
RCC.MCOFreq_Value=48000000
RCC.PLLCLKFreq_Value=48000000
RCC.PLLMCOFreq_Value=24000000
RCC.PLLMUL=RCC_PLL_MUL6
RCC.PLLSourceVirtual=RCC_PLLSOURCE_HSE
RCC.RTCFreq_Value=40000
RCC.RTCHSEDivFreq_Value=250000
RCC.SYSCLKFreq_VALUE=48000000
RCC.SYSCLKSourceVirtual=RCC_SYSCLKSOURCE_PLLCLK
RCC.TIM1Freq_Value=48000000
RCC.TIM2Freq_Value=48000000
RCC.TIM8Freq_Value=48000000
RCC.UART4Freq_Value=24000000
RCC.UART5Freq_Value=24000000
RCC.USART1Freq_Value=48000000
RCC.USART2Freq_Value=24000000
RCC.USART3Freq_Value=24000000
RCC.USBFreq_Value=48000000
RCC.VCOOutput2Freq_Value=8000000
SH.S_TIM3_CH3.0=TIM3_CH3,PWM Generation3 CH3
SH.S_TIM3_CH3.ConfNb=1
SPI2.BaudRatePrescaler=SPI_BAUDRATEPRESCALER_32
SPI2.CalculateBaudRate=750.0 KBits/s
SPI2.DataSize=SPI_DATASIZE_8BIT
SPI2.Direction=SPI_DIRECTION_2LINES
SPI2.IPParameters=VirtualType,Mode,Direction,CalculateBaudRate,DataSize,BaudRatePrescaler
SPI2.Mode=SPI_MODE_MASTER
SPI2.VirtualType=VM_MASTER
TIM2.IPParameters=Period,Prescaler
TIM2.Period=1499
TIM2.Prescaler=31999
TIM3.Channel-PWM\ Generation3\ CH3=TIM_CHANNEL_3
TIM3.IPParameters=Prescaler,Period,Channel-PWM Generation3 CH3
TIM3.Period=1000-1
TIM3.Prescaler=48-1
TIM4.IPParameters=Prescaler,Period
TIM4.Period=99
TIM4.Prescaler=31999
UART4.BaudRate=9600
UART4.IPParameters=BaudRate
UART5.BaudRate=9600
UART5.IPParameters=BaudRate
USART1.BaudRate=9600
USART1.IPParameters=VirtualMode-Asynchronous,BaudRate
USART1.VirtualMode-Asynchronous=VM_ASYNC
USART2.BaudRate=9600
USART2.IPParameters=VirtualMode-Asynchronous,BaudRate
USART2.VirtualMode-Asynchronous=VM_ASYNC
VP_SYS_VS_Systick.Mode=SysTick
VP_SYS_VS_Systick.Signal=SYS_VS_Systick
VP_TIM2_VS_ClockSourceINT.Mode=Internal
VP_TIM2_VS_ClockSourceINT.Signal=TIM2_VS_ClockSourceINT
VP_TIM3_VS_ClockSourceINT.Mode=Internal
VP_TIM3_VS_ClockSourceINT.Signal=TIM3_VS_ClockSourceINT
VP_TIM4_VS_ClockSourceINT.Mode=Internal
VP_TIM4_VS_ClockSourceINT.Signal=TIM4_VS_ClockSourceINT
board=custom
isbadioc=false
